
Microsoft Visual Studio Solution File, Format Version 12.00
# Visual Studio Version 17
VisualStudioVersion = 17.0.32112.339
MinimumVisualStudioVersion = 10.0.40219.1
Project("{FAE04EC0-301F-11D3-BF4B-00C04F79EFBC}") = "NTierExample.Web", "NTierExample.Web\NTierExample.Web.csproj", "{0EF67C53-C758-4A96-9B53-36896F3A25A5}"
EndProject
Project("{FAE04EC0-301F-11D3-BF4B-00C04F79EFBC}") = "NTierExample.Dll", "NTierExample.Dll\NTierExample.Dll.csproj", "{3EAA2CF2-5BDE-4A04-8066-3BA6CC3F2672}"
EndProject
Project("{FAE04EC0-301F-11D3-BF4B-00C04F79EFBC}") = "NTierExample.BLL", "NTierExample.BLL\NTierExample.BLL.csproj", "{A2302834-6476-4AAA-A125-620BE469C6A7}"
EndProject
Global
	GlobalSection(SolutionConfigurationPlatforms) = preSolution
		Debug|Any CPU = Debug|Any CPU
		Release|Any CPU = Release|Any CPU
	EndGlobalSection
	GlobalSection(ProjectConfigurationPlatforms) = postSolution
		{0EF67C53-C758-4A96-9B53-36896F3A25A5}.Debug|Any CPU.ActiveCfg = Debug|Any CPU
		{0EF67C53-C758-4A96-9B53-36896F3A25A5}.Debug|Any CPU.Build.0 = Debug|Any CPU
		{0EF67C53-C758-4A96-9B53-36896F3A25A5}.Release|Any CPU.ActiveCfg = Release|Any CPU
		{0EF67C53-C758-4A96-9B53-36896F3A25A5}.Release|Any CPU.Build.0 = Release|Any CPU
		{3EAA2CF2-5BDE-4A04-8066-3BA6CC3F2672}.Debug|Any CPU.ActiveCfg = Debug|Any CPU
		{3EAA2CF2-5BDE-4A04-8066-3BA6CC3F2672}.Debug|Any CPU.Build.0 = Debug|Any CPU
		{3EAA2CF2-5BDE-4A04-8066-3BA6CC3F2672}.Release|Any CPU.ActiveCfg = Release|Any CPU
		{3EAA2CF2-5BDE-4A04-8066-3BA6CC3F2672}.Release|Any CPU.Build.0 = Release|Any CPU
		{A2302834-6476-4AAA-A125-620BE469C6A7}.Debug|Any CPU.ActiveCfg = Debug|Any CPU
		{A2302834-6476-4AAA-A125-620BE469C6A7}.Debug|Any CPU.Build.0 = Debug|Any CPU
		{A2302834-6476-4AAA-A125-620BE469C6A7}.Release|Any CPU.ActiveCfg = Release|Any CPU
		{A2302834-6476-4AAA-A125-620BE469C6A7}.Release|Any CPU.Build.0 = Release|Any CPU
	EndGlobalSection
	GlobalSection(SolutionProperties) = preSolution
		HideSolutionNode = FALSE
	EndGlobalSection
	GlobalSection(ExtensibilityGlobals) = postSolution
		SolutionGuid = {BC572F12-DB97-4A1B-8D26-01DEE4CC0A68}
	EndGlobalSection
EndGlobal
